
Microsoft Visual Studio Solution File, Format Version 12.00
# Visual Studio Version 16
VisualStudioVersion = 16.0.31320.298
MinimumVisualStudioVersion = 10.0.40219.1
Project("{FAE04EC0-301F-11D3-BF4B-00C04F79EFBC}") = "ProcessGUI", "ProcessGUI.csproj", "{E0CE9D03-F41D-4E47-AC90-D20015F12A2D}"
EndProject
Global
	GlobalSection(SolutionConfigurationPlatforms) = preSolution
		Debug|Any CPU = Debug|Any CPU
		Release|Any CPU = Release|Any CPU
	EndGlobalSection
	GlobalSection(ProjectConfigurationPlatforms) = postSolution
		{E0CE9D03-F41D-4E47-AC90-D20015F12A2D}.Debug|Any CPU.ActiveCfg = Debug|Any CPU
		{E0CE9D03-F41D-4E47-AC90-D20015F12A2D}.Debug|Any CPU.Build.0 = Debug|Any CPU
		{E0CE9D03-F41D-4E47-AC90-D20015F12A2D}.Release|Any CPU.ActiveCfg = Release|Any CPU
		{E0CE9D03-F41D-4E47-AC90-D20015F12A2D}.Release|Any CPU.Build.0 = Release|Any CPU
	EndGlobalSection
	GlobalSection(SolutionProperties) = preSolution
		HideSolutionNode = FALSE
	EndGlobalSection
	GlobalSection(ExtensibilityGlobals) = postSolution
		SolutionGuid = {28C3F87B-1377-4B36-9662-07227489D86C}
	EndGlobalSection
EndGlobal
